
Microsoft Visual Studio Solution File, Format Version 12.00
# Visual Studio Version 16
VisualStudioVersion = 16.0.29609.76
MinimumVisualStudioVersion = 10.0.40219.1
Project("{FAE04EC0-301F-11D3-BF4B-00C04F79EFBC}") = "Reliance.Web", "src\Reliance.Web\Reliance.Web.csproj", "{6D4DC406-5254-4915-BF6C-067E44CBF850}"
EndProject
Project("{9A19103F-16F7-4668-BE54-9A1E7A4F7556}") = "Reliance.DbMigrations", "src\Reliance.DbMigrations\Reliance.DbMigrations.csproj", "{D47405D7-721E-4CDA-9219-94B65CA9A27E}"
EndProject
Project("{9A19103F-16F7-4668-BE54-9A1E7A4F7556}") = "Reliance.Web.Client", "src\Reliance.Web.Client\Reliance.Web.Client.csproj", "{D2BE0164-DCC5-4BB8-90BC-B5278C5C08E5}"
EndProject
Project("{9A19103F-16F7-4668-BE54-9A1E7A4F7556}") = "Reliance.Web.Tests", "src\Reliance.Web.Tests\Reliance.Web.Tests.csproj", "{EBD3CA38-C9E3-4497-91CC-A7129B82234D}"
EndProject
Global
	GlobalSection(SolutionConfigurationPlatforms) = preSolution
		Debug|Any CPU = Debug|Any CPU
		Release|Any CPU = Release|Any CPU
	EndGlobalSection
	GlobalSection(ProjectConfigurationPlatforms) = postSolution
		{6D4DC406-5254-4915-BF6C-067E44CBF850}.Debug|Any CPU.ActiveCfg = Debug|Any CPU
		{6D4DC406-5254-4915-BF6C-067E44CBF850}.Debug|Any CPU.Build.0 = Debug|Any CPU
		{6D4DC406-5254-4915-BF6C-067E44CBF850}.Release|Any CPU.ActiveCfg = Release|Any CPU
		{6D4DC406-5254-4915-BF6C-067E44CBF850}.Release|Any CPU.Build.0 = Release|Any CPU
		{D47405D7-721E-4CDA-9219-94B65CA9A27E}.Debug|Any CPU.ActiveCfg = Debug|Any CPU
		{D47405D7-721E-4CDA-9219-94B65CA9A27E}.Debug|Any CPU.Build.0 = Debug|Any CPU
		{D47405D7-721E-4CDA-9219-94B65CA9A27E}.Release|Any CPU.ActiveCfg = Release|Any CPU
		{D47405D7-721E-4CDA-9219-94B65CA9A27E}.Release|Any CPU.Build.0 = Release|Any CPU
		{D2BE0164-DCC5-4BB8-90BC-B5278C5C08E5}.Debug|Any CPU.ActiveCfg = Debug|Any CPU
		{D2BE0164-DCC5-4BB8-90BC-B5278C5C08E5}.Debug|Any CPU.Build.0 = Debug|Any CPU
		{D2BE0164-DCC5-4BB8-90BC-B5278C5C08E5}.Release|Any CPU.ActiveCfg = Release|Any CPU
		{D2BE0164-DCC5-4BB8-90BC-B5278C5C08E5}.Release|Any CPU.Build.0 = Release|Any CPU
		{EBD3CA38-C9E3-4497-91CC-A7129B82234D}.Debug|Any CPU.ActiveCfg = Debug|Any CPU
		{EBD3CA38-C9E3-4497-91CC-A7129B82234D}.Debug|Any CPU.Build.0 = Debug|Any CPU
		{EBD3CA38-C9E3-4497-91CC-A7129B82234D}.Release|Any CPU.ActiveCfg = Release|Any CPU
		{EBD3CA38-C9E3-4497-91CC-A7129B82234D}.Release|Any CPU.Build.0 = Release|Any CPU
	EndGlobalSection
	GlobalSection(SolutionProperties) = preSolution
		HideSolutionNode = FALSE
	EndGlobalSection
	GlobalSection(ExtensibilityGlobals) = postSolution
		SolutionGuid = {E1040424-8B20-4660-B36B-10C644DD60FC}
	EndGlobalSection
EndGlobal
